
Microsoft Visual Studio Solution File, Format Version 12.00
# Visual Studio Version 17
VisualStudioVersion = 17.10.35013.160
MinimumVisualStudioVersion = 10.0.40219.1
Project("{FAE04EC0-301F-11D3-BF4B-00C04F79EFBC}") = "Capa de Datos", "Capa de Datos\Capa de Datos.csproj", "{742A2C16-93FD-4E0B-B833-97B376984064}"
EndProject
Project("{FAE04EC0-301F-11D3-BF4B-00C04F79EFBC}") = "Proyecto ADO", "Proyecto ADO\Proyecto ADO.csproj", "{F871FE48-0A5C-41B7-AD0C-A4547E1910EF}"
EndProject
Global
	GlobalSection(SolutionConfigurationPlatforms) = preSolution
		Debug|Any CPU = Debug|Any CPU
		Release|Any CPU = Release|Any CPU
	EndGlobalSection
	GlobalSection(ProjectConfigurationPlatforms) = postSolution
		{742A2C16-93FD-4E0B-B833-97B376984064}.Debug|Any CPU.ActiveCfg = Debug|Any CPU
		{742A2C16-93FD-4E0B-B833-97B376984064}.Debug|Any CPU.Build.0 = Debug|Any CPU
		{742A2C16-93FD-4E0B-B833-97B376984064}.Release|Any CPU.ActiveCfg = Release|Any CPU
		{742A2C16-93FD-4E0B-B833-97B376984064}.Release|Any CPU.Build.0 = Release|Any CPU
		{F871FE48-0A5C-41B7-AD0C-A4547E1910EF}.Debug|Any CPU.ActiveCfg = Debug|Any CPU
		{F871FE48-0A5C-41B7-AD0C-A4547E1910EF}.Debug|Any CPU.Build.0 = Debug|Any CPU
		{F871FE48-0A5C-41B7-AD0C-A4547E1910EF}.Release|Any CPU.ActiveCfg = Release|Any CPU
		{F871FE48-0A5C-41B7-AD0C-A4547E1910EF}.Release|Any CPU.Build.0 = Release|Any CPU
	EndGlobalSection
	GlobalSection(SolutionProperties) = preSolution
		HideSolutionNode = FALSE
	EndGlobalSection
	GlobalSection(ExtensibilityGlobals) = postSolution
		SolutionGuid = {F0CED251-2344-44CB-B574-90EBA9B90D94}
	EndGlobalSection
EndGlobal
